
Microsoft Visual Studio Solution File, Format Version 12.00
# Visual Studio 15
VisualStudioVersion = 15.0.27703.2042
MinimumVisualStudioVersion = 10.0.40219.1
Project("{FAE04EC0-301F-11D3-BF4B-00C04F79EFBC}") = "PCLPrintExample.Android", "PCLPrintExample\PCLPrintExample.Android\PCLPrintExample.Android.csproj", "{F8FDFCD0-E1EF-43D3-9ADD-6C11082EEF00}"
EndProject
Project("{FAE04EC0-301F-11D3-BF4B-00C04F79EFBC}") = "PCLPrintExample.iOS", "PCLPrintExample\PCLPrintExample.iOS\PCLPrintExample.iOS.csproj", "{D6FF0269-E65F-4123-ADB5-04845A5B1ADD}"
EndProject
Project("{FAE04EC0-301F-11D3-BF4B-00C04F79EFBC}") = "PCLPrintExample.UWP", "PCLPrintExample\PCLPrintExample.UWP\PCLPrintExample.UWP.csproj", "{FB726059-0851-4902-A54D-E353D3D40C66}"
EndProject
Project("{D954291E-2A0B-460D-934E-DC6B0785DB48}") = "PCLPrintExample", "PCLPrintExample\PCLPrintExample\PCLPrintExample.shproj", "{C8D27081-8B32-4E55-938F-302A01A03DE3}"
EndProject
Global
	GlobalSection(SharedMSBuildProjectFiles) = preSolution
		PCLPrintExample\PCLPrintExample\PCLPrintExample.projitems*{c8d27081-8b32-4e55-938f-302a01a03de3}*SharedItemsImports = 13
		PCLPrintExample\PCLPrintExample\PCLPrintExample.projitems*{d6ff0269-e65f-4123-adb5-04845a5b1add}*SharedItemsImports = 4
		PCLPrintExample\PCLPrintExample\PCLPrintExample.projitems*{f8fdfcd0-e1ef-43d3-9add-6c11082eef00}*SharedItemsImports = 4
		PCLPrintExample\PCLPrintExample\PCLPrintExample.projitems*{fb726059-0851-4902-a54d-e353d3d40c66}*SharedItemsImports = 4
	EndGlobalSection
	GlobalSection(SolutionConfigurationPlatforms) = preSolution
		Ad-Hoc|Any CPU = Ad-Hoc|Any CPU
		Ad-Hoc|ARM = Ad-Hoc|ARM
		Ad-Hoc|iPhone = Ad-Hoc|iPhone
		Ad-Hoc|iPhoneSimulator = Ad-Hoc|iPhoneSimulator
		Ad-Hoc|x64 = Ad-Hoc|x64
		Ad-Hoc|x86 = Ad-Hoc|x86
		AppStore|Any CPU = AppStore|Any CPU
		AppStore|ARM = AppStore|ARM
		AppStore|iPhone = AppStore|iPhone
		AppStore|iPhoneSimulator = AppStore|iPhoneSimulator
		AppStore|x64 = AppStore|x64
		AppStore|x86 = AppStore|x86
		Debug|Any CPU = Debug|Any CPU
		Debug|ARM = Debug|ARM
		Debug|iPhone = Debug|iPhone
		Debug|iPhoneSimulator = Debug|iPhoneSimulator
		Debug|x64 = Debug|x64
		Debug|x86 = Debug|x86
		Release|Any CPU = Release|Any CPU
		Release|ARM = Release|ARM
		Release|iPhone = Release|iPhone
		Release|iPhoneSimulator = Release|iPhoneSimulator
		Release|x64 = Release|x64
		Release|x86 = Release|x86
	EndGlobalSection
	GlobalSection(ProjectConfigurationPlatforms) = postSolution
		{F8FDFCD0-E1EF-43D3-9ADD-6C11082EEF00}.Ad-Hoc|Any CPU.ActiveCfg = Release|Any CPU
		{F8FDFCD0-E1EF-43D3-9ADD-6C11082EEF00}.Ad-Hoc|Any CPU.Build.0 = Release|Any CPU
		{F8FDFCD0-E1EF-43D3-9ADD-6C11082EEF00}.Ad-Hoc|Any CPU.Deploy.0 = Release|Any CPU
		{F8FDFCD0-E1EF-43D3-9ADD-6C11082EEF00}.Ad-Hoc|ARM.ActiveCfg = Release|Any CPU
		{F8FDFCD0-E1EF-43D3-9ADD-6C11082EEF00}.Ad-Hoc|ARM.Build.0 = Release|Any CPU
		{F8FDFCD0-E1EF-43D3-9ADD-6C11082EEF00}.Ad-Hoc|ARM.Deploy.0 = Release|Any CPU
		{F8FDFCD0-E1EF-43D3-9ADD-6C11082EEF00}.Ad-Hoc|iPhone.ActiveCfg = Release|Any CPU
		{F8FDFCD0-E1EF-43D3-9ADD-6C11082EEF00}.Ad-Hoc|iPhone.Build.0 = Release|Any CPU
		{F8FDFCD0-E1EF-43D3-9ADD-6C11082EEF00}.Ad-Hoc|iPhone.Deploy.0 = Release|Any CPU
		{F8FDFCD0-E1EF-43D3-9ADD-6C11082EEF00}.Ad-Hoc|iPhoneSimulator.ActiveCfg = Release|Any CPU
		{F8FDFCD0-E1EF-43D3-9ADD-6C11082EEF00}.Ad-Hoc|iPhoneSimulator.Build.0 = Release|Any CPU
		{F8FDFCD0-E1EF-43D3-9ADD-6C11082EEF00}.Ad-Hoc|iPhoneSimulator.Deploy.0 = Release|Any CPU
		{F8FDFCD0-E1EF-43D3-9ADD-6C11082EEF00}.Ad-Hoc|x64.ActiveCfg = Release|Any CPU
		{F8FDFCD0-E1EF-43D3-9ADD-6C11082EEF00}.Ad-Hoc|x64.Build.0 = Release|Any CPU
		{F8FDFCD0-E1EF-43D3-9ADD-6C11082EEF00}.Ad-Hoc|x64.Deploy.0 = Release|Any CPU
		{F8FDFCD0-E1EF-43D3-9ADD-6C11082EEF00}.Ad-Hoc|x86.ActiveCfg = Release|Any CPU
		{F8FDFCD0-E1EF-43D3-9ADD-6C11082EEF00}.Ad-Hoc|x86.Build.0 = Release|Any CPU
		{F8FDFCD0-E1EF-43D3-9ADD-6C11082EEF00}.Ad-Hoc|x86.Deploy.0 = Release|Any CPU
		{F8FDFCD0-E1EF-43D3-9ADD-6C11082EEF00}.AppStore|Any CPU.ActiveCfg = Release|Any CPU
		{F8FDFCD0-E1EF-43D3-9ADD-6C11082EEF00}.AppStore|Any CPU.Build.0 = Release|Any CPU
		{F8FDFCD0-E1EF-43D3-9ADD-6C11082EEF00}.AppStore|Any CPU.Deploy.0 = Release|Any CPU
		{F8FDFCD0-E1EF-43D3-9ADD-6C11082EEF00}.AppStore|ARM.ActiveCfg = Release|Any CPU
		{F8FDFCD0-E1EF-43D3-9ADD-6C11082EEF00}.AppStore|ARM.Build.0 = Release|Any CPU
		{F8FDFCD0-E1EF-43D3-9ADD-6C11082EEF00}.AppStore|ARM.Deploy.0 = Release|Any CPU
		{F8FDFCD0-E1EF-43D3-9ADD-6C11082EEF00}.AppStore|iPhone.ActiveCfg = Release|Any CPU
		{F8FDFCD0-E1EF-43D3-9ADD-6C11082EEF00}.AppStore|iPhone.Build.0 = Release|Any CPU
		{F8FDFCD0-E1EF-43D3-9ADD-6C11082EEF00}.AppStore|iPhone.Deploy.0 = Release|Any CPU
		{F8FDFCD0-E1EF-43D3-9ADD-6C11082EEF00}.AppStore|iPhoneSimulator.ActiveCfg = Release|Any CPU
		{F8FDFCD0-E1EF-43D3-9ADD-6C11082EEF00}.AppStore|iPhoneSimulator.Build.0 = Release|Any CPU
		{F8FDFCD0-E1EF-43D3-9ADD-6C11082EEF00}.AppStore|iPhoneSimulator.Deploy.0 = Release|Any CPU
		{F8FDFCD0-E1EF-43D3-9ADD-6C11082EEF00}.AppStore|x64.ActiveCfg = Release|Any CPU
		{F8FDFCD0-E1EF-43D3-9ADD-6C11082EEF00}.AppStore|x64.Build.0 = Release|Any CPU
		{F8FDFCD0-E1EF-43D3-9ADD-6C11082EEF00}.AppStore|x64.Deploy.0 = Release|Any CPU
		{F8FDFCD0-E1EF-43D3-9ADD-6C11082EEF00}.AppStore|x86.ActiveCfg = Release|Any CPU
		{F8FDFCD0-E1EF-43D3-9ADD-6C11082EEF00}.AppStore|x86.Build.0 = Release|Any CPU
		{F8FDFCD0-E1EF-43D3-9ADD-6C11082EEF00}.AppStore|x86.Deploy.0 = Release|Any CPU
		{F8FDFCD0-E1EF-43D3-9ADD-6C11082EEF00}.Debug|Any CPU.ActiveCfg = Debug|Any CPU
		{F8FDFCD0-E1EF-43D3-9ADD-6C11082EEF00}.Debug|Any CPU.Build.0 = Debug|Any CPU
		{F8FDFCD0-E1EF-43D3-9ADD-6C11082EEF00}.Debug|Any CPU.Deploy.0 = Debug|Any CPU
		{F8FDFCD0-E1EF-43D3-9ADD-6C11082EEF00}.Debug|ARM.ActiveCfg = Debug|Any CPU
		{F8FDFCD0-E1EF-43D3-9ADD-6C11082EEF00}.Debug|ARM.Build.0 = Debug|Any CPU
		{F8FDFCD0-E1EF-43D3-9ADD-6C11082EEF00}.Debug|ARM.Deploy.0 = Debug|Any CPU
		{F8FDFCD0-E1EF-43D3-9ADD-6C11082EEF00}.Debug|iPhone.ActiveCfg = Debug|Any CPU
		{F8FDFCD0-E1EF-43D3-9ADD-6C11082EEF00}.Debug|iPhone.Build.0 = Debug|Any CPU
		{F8FDFCD0-E1EF-43D3-9ADD-6C11082EEF00}.Debug|iPhone.Deploy.0 = Debug|Any CPU
		{F8FDFCD0-E1EF-43D3-9ADD-6C11082EEF00}.Debug|iPhoneSimulator.ActiveCfg = Debug|Any CPU
		{F8FDFCD0-E1EF-43D3-9ADD-6C11082EEF00}.Debug|iPhoneSimulator.Build.0 = Debug|Any CPU
		{F8FDFCD0-E1EF-43D3-9ADD-6C11082EEF00}.Debug|iPhoneSimulator.Deploy.0 = Debug|Any CPU
		{F8FDFCD0-E1EF-43D3-9ADD-6C11082EEF00}.Debug|x64.ActiveCfg = Debug|Any CPU
		{F8FDFCD0-E1EF-43D3-9ADD-6C11082EEF00}.Debug|x64.Build.0 = Debug|Any CPU
		{F8FDFCD0-E1EF-43D3-9ADD-6C11082EEF00}.Debug|x64.Deploy.0 = Debug|Any CPU
		{F8FDFCD0-E1EF-43D3-9ADD-6C11082EEF00}.Debug|x86.ActiveCfg = Debug|Any CPU
		{F8FDFCD0-E1EF-43D3-9ADD-6C11082EEF00}.Debug|x86.Build.0 = Debug|Any CPU
		{F8FDFCD0-E1EF-43D3-9ADD-6C11082EEF00}.Debug|x86.Deploy.0 = Debug|Any CPU
		{F8FDFCD0-E1EF-43D3-9ADD-6C11082EEF00}.Release|Any CPU.ActiveCfg = Release|Any CPU
		{F8FDFCD0-E1EF-43D3-9ADD-6C11082EEF00}.Release|Any CPU.Build.0 = Release|Any CPU
		{F8FDFCD0-E1EF-43D3-9ADD-6C11082EEF00}.Release|Any CPU.Deploy.0 = Release|Any CPU
		{F8FDFCD0-E1EF-43D3-9ADD-6C11082EEF00}.Release|ARM.ActiveCfg = Release|Any CPU
		{F8FDFCD0-E1EF-43D3-9ADD-6C11082EEF00}.Release|ARM.Build.0 = Release|Any CPU
		{F8FDFCD0-E1EF-43D3-9ADD-6C11082EEF00}.Release|ARM.Deploy.0 = Release|Any CPU
		{F8FDFCD0-E1EF-43D3-9ADD-6C11082EEF00}.Release|iPhone.ActiveCfg = Release|Any CPU
		{F8FDFCD0-E1EF-43D3-9ADD-6C11082EEF00}.Release|iPhone.Build.0 = Release|Any CPU
		{F8FDFCD0-E1EF-43D3-9ADD-6C11082EEF00}.Release|iPhone.Deploy.0 = Release|Any CPU
		{F8FDFCD0-E1EF-43D3-9ADD-6C11082EEF00}.Release|iPhoneSimulator.ActiveCfg = Release|Any CPU
		{F8FDFCD0-E1EF-43D3-9ADD-6C11082EEF00}.Release|iPhoneSimulator.Build.0 = Release|Any CPU
		{F8FDFCD0-E1EF-43D3-9ADD-6C11082EEF00}.Release|iPhoneSimulator.Deploy.0 = Release|Any CPU
		{F8FDFCD0-E1EF-43D3-9ADD-6C11082EEF00}.Release|x64.ActiveCfg = Release|Any CPU
		{F8FDFCD0-E1EF-43D3-9ADD-6C11082EEF00}.Release|x64.Build.0 = Release|Any CPU
		{F8FDFCD0-E1EF-43D3-9ADD-6C11082EEF00}.Release|x64.Deploy.0 = Release|Any CPU
		{F8FDFCD0-E1EF-43D3-9ADD-6C11082EEF00}.Release|x86.ActiveCfg = Release|Any CPU
		{F8FDFCD0-E1EF-43D3-9ADD-6C11082EEF00}.Release|x86.Build.0 = Release|Any CPU
		{F8FDFCD0-E1EF-43D3-9ADD-6C11082EEF00}.Release|x86.Deploy.0 = Release|Any CPU
		{D6FF0269-E65F-4123-ADB5-04845A5B1ADD}.Ad-Hoc|Any CPU.ActiveCfg = Ad-Hoc|iPhone
		{D6FF0269-E65F-4123-ADB5-04845A5B1ADD}.Ad-Hoc|Any CPU.Build.0 = Ad-Hoc|iPhone
		{D6FF0269-E65F-4123-ADB5-04845A5B1ADD}.Ad-Hoc|Any CPU.Deploy.0 = Ad-Hoc|iPhone
		{D6FF0269-E65F-4123-ADB5-04845A5B1ADD}.Ad-Hoc|ARM.ActiveCfg = Ad-Hoc|iPhone
		{D6FF0269-E65F-4123-ADB5-04845A5B1ADD}.Ad-Hoc|ARM.Build.0 = Ad-Hoc|iPhone
		{D6FF0269-E65F-4123-ADB5-04845A5B1ADD}.Ad-Hoc|ARM.Deploy.0 = Ad-Hoc|iPhone
		{D6FF0269-E65F-4123-ADB5-04845A5B1ADD}.Ad-Hoc|iPhone.ActiveCfg = Ad-Hoc|iPhone
		{D6FF0269-E65F-4123-ADB5-04845A5B1ADD}.Ad-Hoc|iPhone.Build.0 = Ad-Hoc|iPhone
		{D6FF0269-E65F-4123-ADB5-04845A5B1ADD}.Ad-Hoc|iPhone.Deploy.0 = Ad-Hoc|iPhone
		{D6FF0269-E65F-4123-ADB5-04845A5B1ADD}.Ad-Hoc|iPhoneSimulator.ActiveCfg = Ad-Hoc|iPhoneSimulator
		{D6FF0269-E65F-4123-ADB5-04845A5B1ADD}.Ad-Hoc|iPhoneSimulator.Build.0 = Ad-Hoc|iPhoneSimulator
		{D6FF0269-E65F-4123-ADB5-04845A5B1ADD}.Ad-Hoc|iPhoneSimulator.Deploy.0 = Ad-Hoc|iPhoneSimulator
		{D6FF0269-E65F-4123-ADB5-04845A5B1ADD}.Ad-Hoc|x64.ActiveCfg = Ad-Hoc|iPhone
		{D6FF0269-E65F-4123-ADB5-04845A5B1ADD}.Ad-Hoc|x64.Build.0 = Ad-Hoc|iPhone
		{D6FF0269-E65F-4123-ADB5-04845A5B1ADD}.Ad-Hoc|x64.Deploy.0 = Ad-Hoc|iPhone
		{D6FF0269-E65F-4123-ADB5-04845A5B1ADD}.Ad-Hoc|x86.ActiveCfg = Ad-Hoc|iPhone
		{D6FF0269-E65F-4123-ADB5-04845A5B1ADD}.Ad-Hoc|x86.Build.0 = Ad-Hoc|iPhone
		{D6FF0269-E65F-4123-ADB5-04845A5B1ADD}.Ad-Hoc|x86.Deploy.0 = Ad-Hoc|iPhone
		{D6FF0269-E65F-4123-ADB5-04845A5B1ADD}.AppStore|Any CPU.ActiveCfg = AppStore|iPhone
		{D6FF0269-E65F-4123-ADB5-04845A5B1ADD}.AppStore|Any CPU.Build.0 = AppStore|iPhone
		{D6FF0269-E65F-4123-ADB5-04845A5B1ADD}.AppStore|Any CPU.Deploy.0 = AppStore|iPhone
		{D6FF0269-E65F-4123-ADB5-04845A5B1ADD}.AppStore|ARM.ActiveCfg = AppStore|iPhone
		{D6FF0269-E65F-4123-ADB5-04845A5B1ADD}.AppStore|ARM.Build.0 = AppStore|iPhone
		{D6FF0269-E65F-4123-ADB5-04845A5B1ADD}.AppStore|ARM.Deploy.0 = AppStore|iPhone
		{D6FF0269-E65F-4123-ADB5-04845A5B1ADD}.AppStore|iPhone.ActiveCfg = AppStore|iPhone
		{D6FF0269-E65F-4123-ADB5-04845A5B1ADD}.AppStore|iPhone.Build.0 = AppStore|iPhone
		{D6FF0269-E65F-4123-ADB5-04845A5B1ADD}.AppStore|iPhone.Deploy.0 = AppStore|iPhone
		{D6FF0269-E65F-4123-ADB5-04845A5B1ADD}.AppStore|iPhoneSimulator.ActiveCfg = AppStore|iPhoneSimulator
		{D6FF0269-E65F-4123-ADB5-04845A5B1ADD}.AppStore|iPhoneSimulator.Build.0 = AppStore|iPhoneSimulator
		{D6FF0269-E65F-4123-ADB5-04845A5B1ADD}.AppStore|iPhoneSimulator.Deploy.0 = AppStore|iPhoneSimulator
		{D6FF0269-E65F-4123-ADB5-04845A5B1ADD}.AppStore|x64.ActiveCfg = AppStore|iPhone
		{D6FF0269-E65F-4123-ADB5-04845A5B1ADD}.AppStore|x64.Build.0 = AppStore|iPhone
		{D6FF0269-E65F-4123-ADB5-04845A5B1ADD}.AppStore|x64.Deploy.0 = AppStore|iPhone
		{D6FF0269-E65F-4123-ADB5-04845A5B1ADD}.AppStore|x86.ActiveCfg = AppStore|iPhone
		{D6FF0269-E65F-4123-ADB5-04845A5B1ADD}.AppStore|x86.Build.0 = AppStore|iPhone
		{D6FF0269-E65F-4123-ADB5-04845A5B1ADD}.AppStore|x86.Deploy.0 = AppStore|iPhone
		{D6FF0269-E65F-4123-ADB5-04845A5B1ADD}.Debug|Any CPU.ActiveCfg = Debug|iPhoneSimulator
		{D6FF0269-E65F-4123-ADB5-04845A5B1ADD}.Debug|Any CPU.Build.0 = Debug|iPhoneSimulator
		{D6FF0269-E65F-4123-ADB5-04845A5B1ADD}.Debug|Any CPU.Deploy.0 = Debug|iPhoneSimulator
		{D6FF0269-E65F-4123-ADB5-04845A5B1ADD}.Debug|ARM.ActiveCfg = Debug|iPhone
		{D6FF0269-E65F-4123-ADB5-04845A5B1ADD}.Debug|ARM.Build.0 = Debug|iPhone
		{D6FF0269-E65F-4123-ADB5-04845A5B1ADD}.Debug|ARM.Deploy.0 = Debug|iPhone
		{D6FF0269-E65F-4123-ADB5-04845A5B1ADD}.Debug|iPhone.ActiveCfg = Debug|iPhone
		{D6FF0269-E65F-4123-ADB5-04845A5B1ADD}.Debug|iPhone.Build.0 = Debug|iPhone
		{D6FF0269-E65F-4123-ADB5-04845A5B1ADD}.Debug|iPhone.Deploy.0 = Debug|iPhone
		{D6FF0269-E65F-4123-ADB5-04845A5B1ADD}.Debug|iPhoneSimulator.ActiveCfg = Debug|iPhoneSimulator
		{D6FF0269-E65F-4123-ADB5-04845A5B1ADD}.Debug|iPhoneSimulator.Build.0 = Debug|iPhoneSimulator
		{D6FF0269-E65F-4123-ADB5-04845A5B1ADD}.Debug|iPhoneSimulator.Deploy.0 = Debug|iPhoneSimulator
		{D6FF0269-E65F-4123-ADB5-04845A5B1ADD}.Debug|x64.ActiveCfg = Debug|iPhone
		{D6FF0269-E65F-4123-ADB5-04845A5B1ADD}.Debug|x64.Build.0 = Debug|iPhone
		{D6FF0269-E65F-4123-ADB5-04845A5B1ADD}.Debug|x64.Deploy.0 = Debug|iPhone
		{D6FF0269-E65F-4123-ADB5-04845A5B1ADD}.Debug|x86.ActiveCfg = Debug|iPhone
		{D6FF0269-E65F-4123-ADB5-04845A5B1ADD}.Debug|x86.Build.0 = Debug|iPhone
		{D6FF0269-E65F-4123-ADB5-04845A5B1ADD}.Debug|x86.Deploy.0 = Debug|iPhone
		{D6FF0269-E65F-4123-ADB5-04845A5B1ADD}.Release|Any CPU.ActiveCfg = Release|iPhone
		{D6FF0269-E65F-4123-ADB5-04845A5B1ADD}.Release|Any CPU.Build.0 = Release|iPhone
		{D6FF0269-E65F-4123-ADB5-04845A5B1ADD}.Release|Any CPU.Deploy.0 = Release|iPhone
		{D6FF0269-E65F-4123-ADB5-04845A5B1ADD}.Release|ARM.ActiveCfg = Release|iPhone
		{D6FF0269-E65F-4123-ADB5-04845A5B1ADD}.Release|ARM.Build.0 = Release|iPhone
		{D6FF0269-E65F-4123-ADB5-04845A5B1ADD}.Release|ARM.Deploy.0 = Release|iPhone
		{D6FF0269-E65F-4123-ADB5-04845A5B1ADD}.Release|iPhone.ActiveCfg = Release|iPhone
		{D6FF0269-E65F-4123-ADB5-04845A5B1ADD}.Release|iPhone.Build.0 = Release|iPhone
		{D6FF0269-E65F-4123-ADB5-04845A5B1ADD}.Release|iPhone.Deploy.0 = Release|iPhone
		{D6FF0269-E65F-4123-ADB5-04845A5B1ADD}.Release|iPhoneSimulator.ActiveCfg = Release|iPhoneSimulator
		{D6FF0269-E65F-4123-ADB5-04845A5B1ADD}.Release|iPhoneSimulator.Build.0 = Release|iPhoneSimulator
		{D6FF0269-E65F-4123-ADB5-04845A5B1ADD}.Release|iPhoneSimulator.Deploy.0 = Release|iPhoneSimulator
		{D6FF0269-E65F-4123-ADB5-04845A5B1ADD}.Release|x64.ActiveCfg = Release|iPhone
		{D6FF0269-E65F-4123-ADB5-04845A5B1ADD}.Release|x64.Build.0 = Release|iPhone
		{D6FF0269-E65F-4123-ADB5-04845A5B1ADD}.Release|x64.Deploy.0 = Release|iPhone
		{D6FF0269-E65F-4123-ADB5-04845A5B1ADD}.Release|x86.ActiveCfg = Release|iPhone
		{D6FF0269-E65F-4123-ADB5-04845A5B1ADD}.Release|x86.Build.0 = Release|iPhone
		{D6FF0269-E65F-4123-ADB5-04845A5B1ADD}.Release|x86.Deploy.0 = Release|iPhone
		{FB726059-0851-4902-A54D-E353D3D40C66}.Ad-Hoc|Any CPU.ActiveCfg = Release|x86
		{FB726059-0851-4902-A54D-E353D3D40C66}.Ad-Hoc|Any CPU.Build.0 = Release|x86
		{FB726059-0851-4902-A54D-E353D3D40C66}.Ad-Hoc|Any CPU.Deploy.0 = Release|x86
		{FB726059-0851-4902-A54D-E353D3D40C66}.Ad-Hoc|ARM.ActiveCfg = Release|ARM
		{FB726059-0851-4902-A54D-E353D3D40C66}.Ad-Hoc|ARM.Build.0 = Release|ARM
		{FB726059-0851-4902-A54D-E353D3D40C66}.Ad-Hoc|ARM.Deploy.0 = Release|ARM
		{FB726059-0851-4902-A54D-E353D3D40C66}.Ad-Hoc|iPhone.ActiveCfg = Release|x86
		{FB726059-0851-4902-A54D-E353D3D40C66}.Ad-Hoc|iPhone.Build.0 = Release|x86
		{FB726059-0851-4902-A54D-E353D3D40C66}.Ad-Hoc|iPhone.Deploy.0 = Release|x86
		{FB726059-0851-4902-A54D-E353D3D40C66}.Ad-Hoc|iPhoneSimulator.ActiveCfg = Release|x86
		{FB726059-0851-4902-A54D-E353D3D40C66}.Ad-Hoc|iPhoneSimulator.Build.0 = Release|x86
		{FB726059-0851-4902-A54D-E353D3D40C66}.Ad-Hoc|iPhoneSimulator.Deploy.0 = Release|x86
		{FB726059-0851-4902-A54D-E353D3D40C66}.Ad-Hoc|x64.ActiveCfg = Release|x64
		{FB726059-0851-4902-A54D-E353D3D40C66}.Ad-Hoc|x64.Build.0 = Release|x64
		{FB726059-0851-4902-A54D-E353D3D40C66}.Ad-Hoc|x64.Deploy.0 = Release|x64
		{FB726059-0851-4902-A54D-E353D3D40C66}.Ad-Hoc|x86.ActiveCfg = Release|x86
		{FB726059-0851-4902-A54D-E353D3D40C66}.Ad-Hoc|x86.Build.0 = Release|x86
		{FB726059-0851-4902-A54D-E353D3D40C66}.Ad-Hoc|x86.Deploy.0 = Release|x86
		{FB726059-0851-4902-A54D-E353D3D40C66}.AppStore|Any CPU.ActiveCfg = Release|x86
		{FB726059-0851-4902-A54D-E353D3D40C66}.AppStore|Any CPU.Build.0 = Release|x86
		{FB726059-0851-4902-A54D-E353D3D40C66}.AppStore|Any CPU.Deploy.0 = Release|x86
		{FB726059-0851-4902-A54D-E353D3D40C66}.AppStore|ARM.ActiveCfg = Release|ARM
		{FB726059-0851-4902-A54D-E353D3D40C66}.AppStore|ARM.Build.0 = Release|ARM
		{FB726059-0851-4902-A54D-E353D3D40C66}.AppStore|ARM.Deploy.0 = Release|ARM
		{FB726059-0851-4902-A54D-E353D3D40C66}.AppStore|iPhone.ActiveCfg = Release|x86
		{FB726059-0851-4902-A54D-E353D3D40C66}.AppStore|iPhone.Build.0 = Release|x86
		{FB726059-0851-4902-A54D-E353D3D40C66}.AppStore|iPhone.Deploy.0 = Release|x86
		{FB726059-0851-4902-A54D-E353D3D40C66}.AppStore|iPhoneSimulator.ActiveCfg = Release|x86
		{FB726059-0851-4902-A54D-E353D3D40C66}.AppStore|iPhoneSimulator.Build.0 = Release|x86
		{FB726059-0851-4902-A54D-E353D3D40C66}.AppStore|iPhoneSimulator.Deploy.0 = Release|x86
		{FB726059-0851-4902-A54D-E353D3D40C66}.AppStore|x64.ActiveCfg = Release|x64
		{FB726059-0851-4902-A54D-E353D3D40C66}.AppStore|x64.Build.0 = Release|x64
		{FB726059-0851-4902-A54D-E353D3D40C66}.AppStore|x64.Deploy.0 = Release|x64
		{FB726059-0851-4902-A54D-E353D3D40C66}.AppStore|x86.ActiveCfg = Release|x86
		{FB726059-0851-4902-A54D-E353D3D40C66}.AppStore|x86.Build.0 = Release|x86
		{FB726059-0851-4902-A54D-E353D3D40C66}.AppStore|x86.Deploy.0 = Release|x86
		{FB726059-0851-4902-A54D-E353D3D40C66}.Debug|Any CPU.ActiveCfg = Debug|x86
		{FB726059-0851-4902-A54D-E353D3D40C66}.Debug|Any CPU.Build.0 = Debug|x86
		{FB726059-0851-4902-A54D-E353D3D40C66}.Debug|Any CPU.Deploy.0 = Debug|x86
		{FB726059-0851-4902-A54D-E353D3D40C66}.Debug|ARM.ActiveCfg = Debug|ARM
		{FB726059-0851-4902-A54D-E353D3D40C66}.Debug|ARM.Build.0 = Debug|ARM
		{FB726059-0851-4902-A54D-E353D3D40C66}.Debug|ARM.Deploy.0 = Debug|ARM
		{FB726059-0851-4902-A54D-E353D3D40C66}.Debug|iPhone.ActiveCfg = Debug|x86
		{FB726059-0851-4902-A54D-E353D3D40C66}.Debug|iPhone.Build.0 = Debug|x86
		{FB726059-0851-4902-A54D-E353D3D40C66}.Debug|iPhone.Deploy.0 = Debug|x86
		{FB726059-0851-4902-A54D-E353D3D40C66}.Debug|iPhoneSimulator.ActiveCfg = Debug|x86
		{FB726059-0851-4902-A54D-E353D3D40C66}.Debug|iPhoneSimulator.Build.0 = Debug|x86
		{FB726059-0851-4902-A54D-E353D3D40C66}.Debug|iPhoneSimulator.Deploy.0 = Debug|x86
		{FB726059-0851-4902-A54D-E353D3D40C66}.Debug|x64.ActiveCfg = Debug|x64
		{FB726059-0851-4902-A54D-E353D3D40C66}.Debug|x64.Build.0 = Debug|x64
		{FB726059-0851-4902-A54D-E353D3D40C66}.Debug|x64.Deploy.0 = Debug|x64
		{FB726059-0851-4902-A54D-E353D3D40C66}.Debug|x86.ActiveCfg = Debug|x86
		{FB726059-0851-4902-A54D-E353D3D40C66}.Debug|x86.Build.0 = Debug|x86
		{FB726059-0851-4902-A54D-E353D3D40C66}.Debug|x86.Deploy.0 = Debug|x86
		{FB726059-0851-4902-A54D-E353D3D40C66}.Release|Any CPU.ActiveCfg = Release|x86
		{FB726059-0851-4902-A54D-E353D3D40C66}.Release|Any CPU.Build.0 = Release|x86
		{FB726059-0851-4902-A54D-E353D3D40C66}.Release|Any CPU.Deploy.0 = Release|x86
		{FB726059-0851-4902-A54D-E353D3D40C66}.Release|ARM.ActiveCfg = Release|ARM
		{FB726059-0851-4902-A54D-E353D3D40C66}.Release|ARM.Build.0 = Release|ARM
		{FB726059-0851-4902-A54D-E353D3D40C66}.Release|ARM.Deploy.0 = Release|ARM
		{FB726059-0851-4902-A54D-E353D3D40C66}.Release|iPhone.ActiveCfg = Release|x86
		{FB726059-0851-4902-A54D-E353D3D40C66}.Release|iPhone.Build.0 = Release|x86
		{FB726059-0851-4902-A54D-E353D3D40C66}.Release|iPhone.Deploy.0 = Release|x86
		{FB726059-0851-4902-A54D-E353D3D40C66}.Release|iPhoneSimulator.ActiveCfg = Release|x86
		{FB726059-0851-4902-A54D-E353D3D40C66}.Release|iPhoneSimulator.Build.0 = Release|x86
		{FB726059-0851-4902-A54D-E353D3D40C66}.Release|iPhoneSimulator.Deploy.0 = Release|x86
		{FB726059-0851-4902-A54D-E353D3D40C66}.Release|x64.ActiveCfg = Release|x64
		{FB726059-0851-4902-A54D-E353D3D40C66}.Release|x64.Build.0 = Release|x64
		{FB726059-0851-4902-A54D-E353D3D40C66}.Release|x64.Deploy.0 = Release|x64
		{FB726059-0851-4902-A54D-E353D3D40C66}.Release|x86.ActiveCfg = Release|x86
		{FB726059-0851-4902-A54D-E353D3D40C66}.Release|x86.Build.0 = Release|x86
		{FB726059-0851-4902-A54D-E353D3D40C66}.Release|x86.Deploy.0 = Release|x86
	EndGlobalSection
	GlobalSection(SolutionProperties) = preSolution
		HideSolutionNode = FALSE
	EndGlobalSection
	GlobalSection(ExtensibilityGlobals) = postSolution
		SolutionGuid = {718C799E-C4D4-4206-800D-E6913F92E13A}
	EndGlobalSection
EndGlobal
