
Microsoft Visual Studio Solution File, Format Version 12.00
# Visual Studio 15
VisualStudioVersion = 15.0.27703.2042
MinimumVisualStudioVersion = 10.0.40219.1
Project("{FAE04EC0-301F-11D3-BF4B-00C04F79EFBC}") = "App1.Android", "App1\App1.Android\App1.Android.csproj", "{48607C24-CFBD-4612-AA6A-7799D41EF8F7}"
EndProject
Project("{FAE04EC0-301F-11D3-BF4B-00C04F79EFBC}") = "App1.iOS", "App1\App1.iOS\App1.iOS.csproj", "{5808F472-9BFC-49DB-8521-4ABA66BECE19}"
EndProject
Project("{FAE04EC0-301F-11D3-BF4B-00C04F79EFBC}") = "App1.UWP", "App1\App1.UWP\App1.UWP.csproj", "{CABD94E7-A872-461D-8E18-B59F0849B1CD}"
EndProject
Project("{D954291E-2A0B-460D-934E-DC6B0785DB48}") = "App1", "App1\App1\App1.shproj", "{FD6B99B0-FA5B-4A27-8571-CB17330B85DF}"
EndProject
Global
	GlobalSection(SharedMSBuildProjectFiles) = preSolution
		App1\App1\App1.projitems*{48607c24-cfbd-4612-aa6a-7799d41ef8f7}*SharedItemsImports = 4
		App1\App1\App1.projitems*{5808f472-9bfc-49db-8521-4aba66bece19}*SharedItemsImports = 4
		App1\App1\App1.projitems*{cabd94e7-a872-461d-8e18-b59f0849b1cd}*SharedItemsImports = 4
		App1\App1\App1.projitems*{fd6b99b0-fa5b-4a27-8571-cb17330b85df}*SharedItemsImports = 13
	EndGlobalSection
	GlobalSection(SolutionConfigurationPlatforms) = preSolution
		Ad-Hoc|Any CPU = Ad-Hoc|Any CPU
		Ad-Hoc|ARM = Ad-Hoc|ARM
		Ad-Hoc|iPhone = Ad-Hoc|iPhone
		Ad-Hoc|iPhoneSimulator = Ad-Hoc|iPhoneSimulator
		Ad-Hoc|x64 = Ad-Hoc|x64
		Ad-Hoc|x86 = Ad-Hoc|x86
		AppStore|Any CPU = AppStore|Any CPU
		AppStore|ARM = AppStore|ARM
		AppStore|iPhone = AppStore|iPhone
		AppStore|iPhoneSimulator = AppStore|iPhoneSimulator
		AppStore|x64 = AppStore|x64
		AppStore|x86 = AppStore|x86
		Debug|Any CPU = Debug|Any CPU
		Debug|ARM = Debug|ARM
		Debug|iPhone = Debug|iPhone
		Debug|iPhoneSimulator = Debug|iPhoneSimulator
		Debug|x64 = Debug|x64
		Debug|x86 = Debug|x86
		Release|Any CPU = Release|Any CPU
		Release|ARM = Release|ARM
		Release|iPhone = Release|iPhone
		Release|iPhoneSimulator = Release|iPhoneSimulator
		Release|x64 = Release|x64
		Release|x86 = Release|x86
	EndGlobalSection
	GlobalSection(ProjectConfigurationPlatforms) = postSolution
		{48607C24-CFBD-4612-AA6A-7799D41EF8F7}.Ad-Hoc|Any CPU.ActiveCfg = Release|Any CPU
		{48607C24-CFBD-4612-AA6A-7799D41EF8F7}.Ad-Hoc|Any CPU.Build.0 = Release|Any CPU
		{48607C24-CFBD-4612-AA6A-7799D41EF8F7}.Ad-Hoc|Any CPU.Deploy.0 = Release|Any CPU
		{48607C24-CFBD-4612-AA6A-7799D41EF8F7}.Ad-Hoc|ARM.ActiveCfg = Release|Any CPU
		{48607C24-CFBD-4612-AA6A-7799D41EF8F7}.Ad-Hoc|ARM.Build.0 = Release|Any CPU
		{48607C24-CFBD-4612-AA6A-7799D41EF8F7}.Ad-Hoc|ARM.Deploy.0 = Release|Any CPU
		{48607C24-CFBD-4612-AA6A-7799D41EF8F7}.Ad-Hoc|iPhone.ActiveCfg = Release|Any CPU
		{48607C24-CFBD-4612-AA6A-7799D41EF8F7}.Ad-Hoc|iPhone.Build.0 = Release|Any CPU
		{48607C24-CFBD-4612-AA6A-7799D41EF8F7}.Ad-Hoc|iPhone.Deploy.0 = Release|Any CPU
		{48607C24-CFBD-4612-AA6A-7799D41EF8F7}.Ad-Hoc|iPhoneSimulator.ActiveCfg = Release|Any CPU
		{48607C24-CFBD-4612-AA6A-7799D41EF8F7}.Ad-Hoc|iPhoneSimulator.Build.0 = Release|Any CPU
		{48607C24-CFBD-4612-AA6A-7799D41EF8F7}.Ad-Hoc|iPhoneSimulator.Deploy.0 = Release|Any CPU
		{48607C24-CFBD-4612-AA6A-7799D41EF8F7}.Ad-Hoc|x64.ActiveCfg = Release|Any CPU
		{48607C24-CFBD-4612-AA6A-7799D41EF8F7}.Ad-Hoc|x64.Build.0 = Release|Any CPU
		{48607C24-CFBD-4612-AA6A-7799D41EF8F7}.Ad-Hoc|x64.Deploy.0 = Release|Any CPU
		{48607C24-CFBD-4612-AA6A-7799D41EF8F7}.Ad-Hoc|x86.ActiveCfg = Release|Any CPU
		{48607C24-CFBD-4612-AA6A-7799D41EF8F7}.Ad-Hoc|x86.Build.0 = Release|Any CPU
		{48607C24-CFBD-4612-AA6A-7799D41EF8F7}.Ad-Hoc|x86.Deploy.0 = Release|Any CPU
		{48607C24-CFBD-4612-AA6A-7799D41EF8F7}.AppStore|Any CPU.ActiveCfg = Release|Any CPU
		{48607C24-CFBD-4612-AA6A-7799D41EF8F7}.AppStore|Any CPU.Build.0 = Release|Any CPU
		{48607C24-CFBD-4612-AA6A-7799D41EF8F7}.AppStore|Any CPU.Deploy.0 = Release|Any CPU
		{48607C24-CFBD-4612-AA6A-7799D41EF8F7}.AppStore|ARM.ActiveCfg = Release|Any CPU
		{48607C24-CFBD-4612-AA6A-7799D41EF8F7}.AppStore|ARM.Build.0 = Release|Any CPU
		{48607C24-CFBD-4612-AA6A-7799D41EF8F7}.AppStore|ARM.Deploy.0 = Release|Any CPU
		{48607C24-CFBD-4612-AA6A-7799D41EF8F7}.AppStore|iPhone.ActiveCfg = Release|Any CPU
		{48607C24-CFBD-4612-AA6A-7799D41EF8F7}.AppStore|iPhone.Build.0 = Release|Any CPU
		{48607C24-CFBD-4612-AA6A-7799D41EF8F7}.AppStore|iPhone.Deploy.0 = Release|Any CPU
		{48607C24-CFBD-4612-AA6A-7799D41EF8F7}.AppStore|iPhoneSimulator.ActiveCfg = Release|Any CPU
		{48607C24-CFBD-4612-AA6A-7799D41EF8F7}.AppStore|iPhoneSimulator.Build.0 = Release|Any CPU
		{48607C24-CFBD-4612-AA6A-7799D41EF8F7}.AppStore|iPhoneSimulator.Deploy.0 = Release|Any CPU
		{48607C24-CFBD-4612-AA6A-7799D41EF8F7}.AppStore|x64.ActiveCfg = Release|Any CPU
		{48607C24-CFBD-4612-AA6A-7799D41EF8F7}.AppStore|x64.Build.0 = Release|Any CPU
		{48607C24-CFBD-4612-AA6A-7799D41EF8F7}.AppStore|x64.Deploy.0 = Release|Any CPU
		{48607C24-CFBD-4612-AA6A-7799D41EF8F7}.AppStore|x86.ActiveCfg = Release|Any CPU
		{48607C24-CFBD-4612-AA6A-7799D41EF8F7}.AppStore|x86.Build.0 = Release|Any CPU
		{48607C24-CFBD-4612-AA6A-7799D41EF8F7}.AppStore|x86.Deploy.0 = Release|Any CPU
		{48607C24-CFBD-4612-AA6A-7799D41EF8F7}.Debug|Any CPU.ActiveCfg = Debug|Any CPU
		{48607C24-CFBD-4612-AA6A-7799D41EF8F7}.Debug|Any CPU.Build.0 = Debug|Any CPU
		{48607C24-CFBD-4612-AA6A-7799D41EF8F7}.Debug|Any CPU.Deploy.0 = Debug|Any CPU
		{48607C24-CFBD-4612-AA6A-7799D41EF8F7}.Debug|ARM.ActiveCfg = Debug|Any CPU
		{48607C24-CFBD-4612-AA6A-7799D41EF8F7}.Debug|ARM.Build.0 = Debug|Any CPU
		{48607C24-CFBD-4612-AA6A-7799D41EF8F7}.Debug|ARM.Deploy.0 = Debug|Any CPU
		{48607C24-CFBD-4612-AA6A-7799D41EF8F7}.Debug|iPhone.ActiveCfg = Debug|Any CPU
		{48607C24-CFBD-4612-AA6A-7799D41EF8F7}.Debug|iPhone.Build.0 = Debug|Any CPU
		{48607C24-CFBD-4612-AA6A-7799D41EF8F7}.Debug|iPhone.Deploy.0 = Debug|Any CPU
		{48607C24-CFBD-4612-AA6A-7799D41EF8F7}.Debug|iPhoneSimulator.ActiveCfg = Debug|Any CPU
		{48607C24-CFBD-4612-AA6A-7799D41EF8F7}.Debug|iPhoneSimulator.Build.0 = Debug|Any CPU
		{48607C24-CFBD-4612-AA6A-7799D41EF8F7}.Debug|iPhoneSimulator.Deploy.0 = Debug|Any CPU
		{48607C24-CFBD-4612-AA6A-7799D41EF8F7}.Debug|x64.ActiveCfg = Debug|Any CPU
		{48607C24-CFBD-4612-AA6A-7799D41EF8F7}.Debug|x64.Build.0 = Debug|Any CPU
		{48607C24-CFBD-4612-AA6A-7799D41EF8F7}.Debug|x64.Deploy.0 = Debug|Any CPU
		{48607C24-CFBD-4612-AA6A-7799D41EF8F7}.Debug|x86.ActiveCfg = Debug|Any CPU
		{48607C24-CFBD-4612-AA6A-7799D41EF8F7}.Debug|x86.Build.0 = Debug|Any CPU
		{48607C24-CFBD-4612-AA6A-7799D41EF8F7}.Debug|x86.Deploy.0 = Debug|Any CPU
		{48607C24-CFBD-4612-AA6A-7799D41EF8F7}.Release|Any CPU.ActiveCfg = Release|Any CPU
		{48607C24-CFBD-4612-AA6A-7799D41EF8F7}.Release|Any CPU.Build.0 = Release|Any CPU
		{48607C24-CFBD-4612-AA6A-7799D41EF8F7}.Release|Any CPU.Deploy.0 = Release|Any CPU
		{48607C24-CFBD-4612-AA6A-7799D41EF8F7}.Release|ARM.ActiveCfg = Release|Any CPU
		{48607C24-CFBD-4612-AA6A-7799D41EF8F7}.Release|ARM.Build.0 = Release|Any CPU
		{48607C24-CFBD-4612-AA6A-7799D41EF8F7}.Release|ARM.Deploy.0 = Release|Any CPU
		{48607C24-CFBD-4612-AA6A-7799D41EF8F7}.Release|iPhone.ActiveCfg = Release|Any CPU
		{48607C24-CFBD-4612-AA6A-7799D41EF8F7}.Release|iPhone.Build.0 = Release|Any CPU
		{48607C24-CFBD-4612-AA6A-7799D41EF8F7}.Release|iPhone.Deploy.0 = Release|Any CPU
		{48607C24-CFBD-4612-AA6A-7799D41EF8F7}.Release|iPhoneSimulator.ActiveCfg = Release|Any CPU
		{48607C24-CFBD-4612-AA6A-7799D41EF8F7}.Release|iPhoneSimulator.Build.0 = Release|Any CPU
		{48607C24-CFBD-4612-AA6A-7799D41EF8F7}.Release|iPhoneSimulator.Deploy.0 = Release|Any CPU
		{48607C24-CFBD-4612-AA6A-7799D41EF8F7}.Release|x64.ActiveCfg = Release|Any CPU
		{48607C24-CFBD-4612-AA6A-7799D41EF8F7}.Release|x64.Build.0 = Release|Any CPU
		{48607C24-CFBD-4612-AA6A-7799D41EF8F7}.Release|x64.Deploy.0 = Release|Any CPU
		{48607C24-CFBD-4612-AA6A-7799D41EF8F7}.Release|x86.ActiveCfg = Release|Any CPU
		{48607C24-CFBD-4612-AA6A-7799D41EF8F7}.Release|x86.Build.0 = Release|Any CPU
		{48607C24-CFBD-4612-AA6A-7799D41EF8F7}.Release|x86.Deploy.0 = Release|Any CPU
		{5808F472-9BFC-49DB-8521-4ABA66BECE19}.Ad-Hoc|Any CPU.ActiveCfg = Ad-Hoc|iPhone
		{5808F472-9BFC-49DB-8521-4ABA66BECE19}.Ad-Hoc|Any CPU.Build.0 = Ad-Hoc|iPhone
		{5808F472-9BFC-49DB-8521-4ABA66BECE19}.Ad-Hoc|Any CPU.Deploy.0 = Ad-Hoc|iPhone
		{5808F472-9BFC-49DB-8521-4ABA66BECE19}.Ad-Hoc|ARM.ActiveCfg = Ad-Hoc|iPhone
		{5808F472-9BFC-49DB-8521-4ABA66BECE19}.Ad-Hoc|ARM.Build.0 = Ad-Hoc|iPhone
		{5808F472-9BFC-49DB-8521-4ABA66BECE19}.Ad-Hoc|ARM.Deploy.0 = Ad-Hoc|iPhone
		{5808F472-9BFC-49DB-8521-4ABA66BECE19}.Ad-Hoc|iPhone.ActiveCfg = Ad-Hoc|iPhone
		{5808F472-9BFC-49DB-8521-4ABA66BECE19}.Ad-Hoc|iPhone.Build.0 = Ad-Hoc|iPhone
		{5808F472-9BFC-49DB-8521-4ABA66BECE19}.Ad-Hoc|iPhone.Deploy.0 = Ad-Hoc|iPhone
		{5808F472-9BFC-49DB-8521-4ABA66BECE19}.Ad-Hoc|iPhoneSimulator.ActiveCfg = Ad-Hoc|iPhoneSimulator
		{5808F472-9BFC-49DB-8521-4ABA66BECE19}.Ad-Hoc|iPhoneSimulator.Build.0 = Ad-Hoc|iPhoneSimulator
		{5808F472-9BFC-49DB-8521-4ABA66BECE19}.Ad-Hoc|iPhoneSimulator.Deploy.0 = Ad-Hoc|iPhoneSimulator
		{5808F472-9BFC-49DB-8521-4ABA66BECE19}.Ad-Hoc|x64.ActiveCfg = Ad-Hoc|iPhone
		{5808F472-9BFC-49DB-8521-4ABA66BECE19}.Ad-Hoc|x64.Build.0 = Ad-Hoc|iPhone
		{5808F472-9BFC-49DB-8521-4ABA66BECE19}.Ad-Hoc|x64.Deploy.0 = Ad-Hoc|iPhone
		{5808F472-9BFC-49DB-8521-4ABA66BECE19}.Ad-Hoc|x86.ActiveCfg = Ad-Hoc|iPhone
		{5808F472-9BFC-49DB-8521-4ABA66BECE19}.Ad-Hoc|x86.Build.0 = Ad-Hoc|iPhone
		{5808F472-9BFC-49DB-8521-4ABA66BECE19}.Ad-Hoc|x86.Deploy.0 = Ad-Hoc|iPhone
		{5808F472-9BFC-49DB-8521-4ABA66BECE19}.AppStore|Any CPU.ActiveCfg = AppStore|iPhone
		{5808F472-9BFC-49DB-8521-4ABA66BECE19}.AppStore|Any CPU.Build.0 = AppStore|iPhone
		{5808F472-9BFC-49DB-8521-4ABA66BECE19}.AppStore|Any CPU.Deploy.0 = AppStore|iPhone
		{5808F472-9BFC-49DB-8521-4ABA66BECE19}.AppStore|ARM.ActiveCfg = AppStore|iPhone
		{5808F472-9BFC-49DB-8521-4ABA66BECE19}.AppStore|ARM.Build.0 = AppStore|iPhone
		{5808F472-9BFC-49DB-8521-4ABA66BECE19}.AppStore|ARM.Deploy.0 = AppStore|iPhone
		{5808F472-9BFC-49DB-8521-4ABA66BECE19}.AppStore|iPhone.ActiveCfg = AppStore|iPhone
		{5808F472-9BFC-49DB-8521-4ABA66BECE19}.AppStore|iPhone.Build.0 = AppStore|iPhone
		{5808F472-9BFC-49DB-8521-4ABA66BECE19}.AppStore|iPhone.Deploy.0 = AppStore|iPhone
		{5808F472-9BFC-49DB-8521-4ABA66BECE19}.AppStore|iPhoneSimulator.ActiveCfg = AppStore|iPhoneSimulator
		{5808F472-9BFC-49DB-8521-4ABA66BECE19}.AppStore|iPhoneSimulator.Build.0 = AppStore|iPhoneSimulator
		{5808F472-9BFC-49DB-8521-4ABA66BECE19}.AppStore|iPhoneSimulator.Deploy.0 = AppStore|iPhoneSimulator
		{5808F472-9BFC-49DB-8521-4ABA66BECE19}.AppStore|x64.ActiveCfg = AppStore|iPhone
		{5808F472-9BFC-49DB-8521-4ABA66BECE19}.AppStore|x64.Build.0 = AppStore|iPhone
		{5808F472-9BFC-49DB-8521-4ABA66BECE19}.AppStore|x64.Deploy.0 = AppStore|iPhone
		{5808F472-9BFC-49DB-8521-4ABA66BECE19}.AppStore|x86.ActiveCfg = AppStore|iPhone
		{5808F472-9BFC-49DB-8521-4ABA66BECE19}.AppStore|x86.Build.0 = AppStore|iPhone
		{5808F472-9BFC-49DB-8521-4ABA66BECE19}.AppStore|x86.Deploy.0 = AppStore|iPhone
		{5808F472-9BFC-49DB-8521-4ABA66BECE19}.Debug|Any CPU.ActiveCfg = Debug|iPhoneSimulator
		{5808F472-9BFC-49DB-8521-4ABA66BECE19}.Debug|Any CPU.Build.0 = Debug|iPhoneSimulator
		{5808F472-9BFC-49DB-8521-4ABA66BECE19}.Debug|Any CPU.Deploy.0 = Debug|iPhoneSimulator
		{5808F472-9BFC-49DB-8521-4ABA66BECE19}.Debug|ARM.ActiveCfg = Debug|iPhone
		{5808F472-9BFC-49DB-8521-4ABA66BECE19}.Debug|ARM.Build.0 = Debug|iPhone
		{5808F472-9BFC-49DB-8521-4ABA66BECE19}.Debug|ARM.Deploy.0 = Debug|iPhone
		{5808F472-9BFC-49DB-8521-4ABA66BECE19}.Debug|iPhone.ActiveCfg = Debug|iPhone
		{5808F472-9BFC-49DB-8521-4ABA66BECE19}.Debug|iPhone.Build.0 = Debug|iPhone
		{5808F472-9BFC-49DB-8521-4ABA66BECE19}.Debug|iPhone.Deploy.0 = Debug|iPhone
		{5808F472-9BFC-49DB-8521-4ABA66BECE19}.Debug|iPhoneSimulator.ActiveCfg = Debug|iPhoneSimulator
		{5808F472-9BFC-49DB-8521-4ABA66BECE19}.Debug|iPhoneSimulator.Build.0 = Debug|iPhoneSimulator
		{5808F472-9BFC-49DB-8521-4ABA66BECE19}.Debug|iPhoneSimulator.Deploy.0 = Debug|iPhoneSimulator
		{5808F472-9BFC-49DB-8521-4ABA66BECE19}.Debug|x64.ActiveCfg = Debug|iPhone
		{5808F472-9BFC-49DB-8521-4ABA66BECE19}.Debug|x64.Build.0 = Debug|iPhone
		{5808F472-9BFC-49DB-8521-4ABA66BECE19}.Debug|x64.Deploy.0 = Debug|iPhone
		{5808F472-9BFC-49DB-8521-4ABA66BECE19}.Debug|x86.ActiveCfg = Debug|iPhone
		{5808F472-9BFC-49DB-8521-4ABA66BECE19}.Debug|x86.Build.0 = Debug|iPhone
		{5808F472-9BFC-49DB-8521-4ABA66BECE19}.Debug|x86.Deploy.0 = Debug|iPhone
		{5808F472-9BFC-49DB-8521-4ABA66BECE19}.Release|Any CPU.ActiveCfg = Release|iPhone
		{5808F472-9BFC-49DB-8521-4ABA66BECE19}.Release|Any CPU.Build.0 = Release|iPhone
		{5808F472-9BFC-49DB-8521-4ABA66BECE19}.Release|Any CPU.Deploy.0 = Release|iPhone
		{5808F472-9BFC-49DB-8521-4ABA66BECE19}.Release|ARM.ActiveCfg = Release|iPhone
		{5808F472-9BFC-49DB-8521-4ABA66BECE19}.Release|ARM.Build.0 = Release|iPhone
		{5808F472-9BFC-49DB-8521-4ABA66BECE19}.Release|ARM.Deploy.0 = Release|iPhone
		{5808F472-9BFC-49DB-8521-4ABA66BECE19}.Release|iPhone.ActiveCfg = Release|iPhone
		{5808F472-9BFC-49DB-8521-4ABA66BECE19}.Release|iPhone.Build.0 = Release|iPhone
		{5808F472-9BFC-49DB-8521-4ABA66BECE19}.Release|iPhone.Deploy.0 = Release|iPhone
		{5808F472-9BFC-49DB-8521-4ABA66BECE19}.Release|iPhoneSimulator.ActiveCfg = Release|iPhoneSimulator
		{5808F472-9BFC-49DB-8521-4ABA66BECE19}.Release|iPhoneSimulator.Build.0 = Release|iPhoneSimulator
		{5808F472-9BFC-49DB-8521-4ABA66BECE19}.Release|iPhoneSimulator.Deploy.0 = Release|iPhoneSimulator
		{5808F472-9BFC-49DB-8521-4ABA66BECE19}.Release|x64.ActiveCfg = Release|iPhone
		{5808F472-9BFC-49DB-8521-4ABA66BECE19}.Release|x64.Build.0 = Release|iPhone
		{5808F472-9BFC-49DB-8521-4ABA66BECE19}.Release|x64.Deploy.0 = Release|iPhone
		{5808F472-9BFC-49DB-8521-4ABA66BECE19}.Release|x86.ActiveCfg = Release|iPhone
		{5808F472-9BFC-49DB-8521-4ABA66BECE19}.Release|x86.Build.0 = Release|iPhone
		{5808F472-9BFC-49DB-8521-4ABA66BECE19}.Release|x86.Deploy.0 = Release|iPhone
		{CABD94E7-A872-461D-8E18-B59F0849B1CD}.Ad-Hoc|Any CPU.ActiveCfg = Release|x86
		{CABD94E7-A872-461D-8E18-B59F0849B1CD}.Ad-Hoc|Any CPU.Build.0 = Release|x86
		{CABD94E7-A872-461D-8E18-B59F0849B1CD}.Ad-Hoc|Any CPU.Deploy.0 = Release|x86
		{CABD94E7-A872-461D-8E18-B59F0849B1CD}.Ad-Hoc|ARM.ActiveCfg = Release|ARM
		{CABD94E7-A872-461D-8E18-B59F0849B1CD}.Ad-Hoc|ARM.Build.0 = Release|ARM
		{CABD94E7-A872-461D-8E18-B59F0849B1CD}.Ad-Hoc|ARM.Deploy.0 = Release|ARM
		{CABD94E7-A872-461D-8E18-B59F0849B1CD}.Ad-Hoc|iPhone.ActiveCfg = Release|x86
		{CABD94E7-A872-461D-8E18-B59F0849B1CD}.Ad-Hoc|iPhone.Build.0 = Release|x86
		{CABD94E7-A872-461D-8E18-B59F0849B1CD}.Ad-Hoc|iPhone.Deploy.0 = Release|x86
		{CABD94E7-A872-461D-8E18-B59F0849B1CD}.Ad-Hoc|iPhoneSimulator.ActiveCfg = Release|x86
		{CABD94E7-A872-461D-8E18-B59F0849B1CD}.Ad-Hoc|iPhoneSimulator.Build.0 = Release|x86
		{CABD94E7-A872-461D-8E18-B59F0849B1CD}.Ad-Hoc|iPhoneSimulator.Deploy.0 = Release|x86
		{CABD94E7-A872-461D-8E18-B59F0849B1CD}.Ad-Hoc|x64.ActiveCfg = Release|x64
		{CABD94E7-A872-461D-8E18-B59F0849B1CD}.Ad-Hoc|x64.Build.0 = Release|x64
		{CABD94E7-A872-461D-8E18-B59F0849B1CD}.Ad-Hoc|x64.Deploy.0 = Release|x64
		{CABD94E7-A872-461D-8E18-B59F0849B1CD}.Ad-Hoc|x86.ActiveCfg = Release|x86
		{CABD94E7-A872-461D-8E18-B59F0849B1CD}.Ad-Hoc|x86.Build.0 = Release|x86
		{CABD94E7-A872-461D-8E18-B59F0849B1CD}.Ad-Hoc|x86.Deploy.0 = Release|x86
		{CABD94E7-A872-461D-8E18-B59F0849B1CD}.AppStore|Any CPU.ActiveCfg = Release|x86
		{CABD94E7-A872-461D-8E18-B59F0849B1CD}.AppStore|Any CPU.Build.0 = Release|x86
		{CABD94E7-A872-461D-8E18-B59F0849B1CD}.AppStore|Any CPU.Deploy.0 = Release|x86
		{CABD94E7-A872-461D-8E18-B59F0849B1CD}.AppStore|ARM.ActiveCfg = Release|ARM
		{CABD94E7-A872-461D-8E18-B59F0849B1CD}.AppStore|ARM.Build.0 = Release|ARM
		{CABD94E7-A872-461D-8E18-B59F0849B1CD}.AppStore|ARM.Deploy.0 = Release|ARM
		{CABD94E7-A872-461D-8E18-B59F0849B1CD}.AppStore|iPhone.ActiveCfg = Release|x86
		{CABD94E7-A872-461D-8E18-B59F0849B1CD}.AppStore|iPhone.Build.0 = Release|x86
		{CABD94E7-A872-461D-8E18-B59F0849B1CD}.AppStore|iPhone.Deploy.0 = Release|x86
		{CABD94E7-A872-461D-8E18-B59F0849B1CD}.AppStore|iPhoneSimulator.ActiveCfg = Release|x86
		{CABD94E7-A872-461D-8E18-B59F0849B1CD}.AppStore|iPhoneSimulator.Build.0 = Release|x86
		{CABD94E7-A872-461D-8E18-B59F0849B1CD}.AppStore|iPhoneSimulator.Deploy.0 = Release|x86
		{CABD94E7-A872-461D-8E18-B59F0849B1CD}.AppStore|x64.ActiveCfg = Release|x64
		{CABD94E7-A872-461D-8E18-B59F0849B1CD}.AppStore|x64.Build.0 = Release|x64
		{CABD94E7-A872-461D-8E18-B59F0849B1CD}.AppStore|x64.Deploy.0 = Release|x64
		{CABD94E7-A872-461D-8E18-B59F0849B1CD}.AppStore|x86.ActiveCfg = Release|x86
		{CABD94E7-A872-461D-8E18-B59F0849B1CD}.AppStore|x86.Build.0 = Release|x86
		{CABD94E7-A872-461D-8E18-B59F0849B1CD}.AppStore|x86.Deploy.0 = Release|x86
		{CABD94E7-A872-461D-8E18-B59F0849B1CD}.Debug|Any CPU.ActiveCfg = Debug|x86
		{CABD94E7-A872-461D-8E18-B59F0849B1CD}.Debug|Any CPU.Build.0 = Debug|x86
		{CABD94E7-A872-461D-8E18-B59F0849B1CD}.Debug|Any CPU.Deploy.0 = Debug|x86
		{CABD94E7-A872-461D-8E18-B59F0849B1CD}.Debug|ARM.ActiveCfg = Debug|ARM
		{CABD94E7-A872-461D-8E18-B59F0849B1CD}.Debug|ARM.Build.0 = Debug|ARM
		{CABD94E7-A872-461D-8E18-B59F0849B1CD}.Debug|ARM.Deploy.0 = Debug|ARM
		{CABD94E7-A872-461D-8E18-B59F0849B1CD}.Debug|iPhone.ActiveCfg = Debug|x86
		{CABD94E7-A872-461D-8E18-B59F0849B1CD}.Debug|iPhone.Build.0 = Debug|x86
		{CABD94E7-A872-461D-8E18-B59F0849B1CD}.Debug|iPhone.Deploy.0 = Debug|x86
		{CABD94E7-A872-461D-8E18-B59F0849B1CD}.Debug|iPhoneSimulator.ActiveCfg = Debug|x86
		{CABD94E7-A872-461D-8E18-B59F0849B1CD}.Debug|iPhoneSimulator.Build.0 = Debug|x86
		{CABD94E7-A872-461D-8E18-B59F0849B1CD}.Debug|iPhoneSimulator.Deploy.0 = Debug|x86
		{CABD94E7-A872-461D-8E18-B59F0849B1CD}.Debug|x64.ActiveCfg = Debug|x64
		{CABD94E7-A872-461D-8E18-B59F0849B1CD}.Debug|x64.Build.0 = Debug|x64
		{CABD94E7-A872-461D-8E18-B59F0849B1CD}.Debug|x64.Deploy.0 = Debug|x64
		{CABD94E7-A872-461D-8E18-B59F0849B1CD}.Debug|x86.ActiveCfg = Debug|x86
		{CABD94E7-A872-461D-8E18-B59F0849B1CD}.Debug|x86.Build.0 = Debug|x86
		{CABD94E7-A872-461D-8E18-B59F0849B1CD}.Debug|x86.Deploy.0 = Debug|x86
		{CABD94E7-A872-461D-8E18-B59F0849B1CD}.Release|Any CPU.ActiveCfg = Release|x86
		{CABD94E7-A872-461D-8E18-B59F0849B1CD}.Release|Any CPU.Build.0 = Release|x86
		{CABD94E7-A872-461D-8E18-B59F0849B1CD}.Release|Any CPU.Deploy.0 = Release|x86
		{CABD94E7-A872-461D-8E18-B59F0849B1CD}.Release|ARM.ActiveCfg = Release|ARM
		{CABD94E7-A872-461D-8E18-B59F0849B1CD}.Release|ARM.Build.0 = Release|ARM
		{CABD94E7-A872-461D-8E18-B59F0849B1CD}.Release|ARM.Deploy.0 = Release|ARM
		{CABD94E7-A872-461D-8E18-B59F0849B1CD}.Release|iPhone.ActiveCfg = Release|x86
		{CABD94E7-A872-461D-8E18-B59F0849B1CD}.Release|iPhone.Build.0 = Release|x86
		{CABD94E7-A872-461D-8E18-B59F0849B1CD}.Release|iPhone.Deploy.0 = Release|x86
		{CABD94E7-A872-461D-8E18-B59F0849B1CD}.Release|iPhoneSimulator.ActiveCfg = Release|x86
		{CABD94E7-A872-461D-8E18-B59F0849B1CD}.Release|iPhoneSimulator.Build.0 = Release|x86
		{CABD94E7-A872-461D-8E18-B59F0849B1CD}.Release|iPhoneSimulator.Deploy.0 = Release|x86
		{CABD94E7-A872-461D-8E18-B59F0849B1CD}.Release|x64.ActiveCfg = Release|x64
		{CABD94E7-A872-461D-8E18-B59F0849B1CD}.Release|x64.Build.0 = Release|x64
		{CABD94E7-A872-461D-8E18-B59F0849B1CD}.Release|x64.Deploy.0 = Release|x64
		{CABD94E7-A872-461D-8E18-B59F0849B1CD}.Release|x86.ActiveCfg = Release|x86
		{CABD94E7-A872-461D-8E18-B59F0849B1CD}.Release|x86.Build.0 = Release|x86
		{CABD94E7-A872-461D-8E18-B59F0849B1CD}.Release|x86.Deploy.0 = Release|x86
	EndGlobalSection
	GlobalSection(SolutionProperties) = preSolution
		HideSolutionNode = FALSE
	EndGlobalSection
	GlobalSection(ExtensibilityGlobals) = postSolution
		SolutionGuid = {441C1E31-DADF-4ACB-B976-76FC4269ABB0}
	EndGlobalSection
EndGlobal
